# THIS IS AN AUTOGENERATED FILE. DO NOT EDIT THIS FILE DIRECTLY.
# yarn lockfile v1


flat@^5.0.1:
  version "5.0.1"
  resolved "https://registry.yarnpkg.com/flat/-/flat-5.0.1.tgz#ed5f357d6c9e754d1fdc392b1d570426f8e013c2"
  integrity sha512-DUYDWLlMhV9qvhjbgmhDQ3ZycXmoOKzrj4KN0+5BEat5SqTlXcXzxNgwiSN1UQHA5Z0BsgYYPelhQHVhpfqaVA==
